// !$*UTF8*$!
{
	archiveVersion = 1;
	classes = {
	};
	objectVersion = 50;
	objects = {

/* Begin PBXBuildFile section */
		2B273C3225AD4BE0001AC7C5 /* MagicToDoApp.swift in Sources */ = {isa = PBXBuildFile; fileRef = 2B273C3125AD4BE0001AC7C5 /* MagicToDoApp.swift */; };
		2B273C3625AD4BE2001AC7C5 /* Assets.xcassets in Resources */ = {isa = PBXBuildFile; fileRef = 2B273C3525AD4BE2001AC7C5 /* Assets.xcassets */; };
		2B273C3925AD4BE2001AC7C5 /* Preview Assets.xcassets in Resources */ = {isa = PBXBuildFile; fileRef = 2B273C3825AD4BE2001AC7C5 /* Preview Assets.xcassets */; };
		2B273C3B25AD4BE2001AC7C5 /* Persistence.swift in Sources */ = {isa = PBXBuildFile; fileRef = 2B273C3A25AD4BE2001AC7C5 /* Persistence.swift */; };
		2B273C3E25AD4BE2001AC7C5 /* MagicToDo.xcdatamodeld in Sources */ = {isa = PBXBuildFile; fileRef = 2B273C3C25AD4BE2001AC7C5 /* MagicToDo.xcdatamodeld */; };
		2B273C4725AD4E65001AC7C5 /* TasksView.swift in Sources */ = {isa = PBXBuildFile; fileRef = 2B273C4625AD4E65001AC7C5 /* TasksView.swift */; };
		2B273C4C25AE24E5001AC7C5 /* TasksDoneView.swift in Sources */ = {isa = PBXBuildFile; fileRef = 2B273C4B25AE24E5001AC7C5 /* TasksDoneView.swift */; };
		2B8C30AF2652D20A00C2CC0F /* 01-2.png in Resources */ = {isa = PBXBuildFile; fileRef = 2B8C30AE2652D20A00C2CC0F /* 01-2.png */; };
		2B8C30B22652D24D00C2CC0F /* 01.png in Resources */ = {isa = PBXBuildFile; fileRef = 2B8C30B12652D24D00C2CC0F /* 01.png */; };
		2B8C30B42652D27600C2CC0F /* 02.gif in Resources */ = {isa = PBXBuildFile; fileRef = 2B8C30B32652D27600C2CC0F /* 02.gif */; };
/* End PBXBuildFile section */

/* Begin PBXFileReference section */
		2B273C2E25AD4BE0001AC7C5 /* MagicToDo.app */ = {isa = PBXFileReference; explicitFileType = wrapper.application; includeInIndex = 0; path = MagicToDo.app; sourceTree = BUILT_PRODUCTS_DIR; };
		2B273C3125AD4BE0001AC7C5 /* MagicToDoApp.swift */ = {isa = PBXFileReference; lastKnownFileType = sourcecode.swift; path = MagicToDoApp.swift; sourceTree = "<group>"; };
		2B273C3525AD4BE2001AC7C5 /* Assets.xcassets */ = {isa = PBXFileReference; lastKnownFileType = folder.assetcatalog; path = Assets.xcassets; sourceTree = "<group>"; };
		2B273C3825AD4BE2001AC7C5 /* Preview Assets.xcassets */ = {isa = PBXFileReference; lastKnownFileType = folder.assetcatalog; path = "Preview Assets.xcassets"; sourceTree = "<group>"; };
		2B273C3A25AD4BE2001AC7C5 /* Persistence.swift */ = {isa = PBXFileReference; lastKnownFileType = sourcecode.swift; path = Persistence.swift; sourceTree = "<group>"; };
		2B273C3D25AD4BE2001AC7C5 /* MagicToDo.xcdatamodel */ = {isa = PBXFileReference; lastKnownFileType = wrapper.xcdatamodel; path = MagicToDo.xcdatamodel; sourceTree = "<group>"; };
		2B273C3F25AD4BE2001AC7C5 /* Info.plist */ = {isa = PBXFileReference; lastKnownFileType = text.plist.xml; path = Info.plist; sourceTree = "<group>"; };
		2B273C4625AD4E65001AC7C5 /* TasksView.swift */ = {isa = PBXFileReference; lastKnownFileType = sourcecode.swift; path = TasksView.swift; sourceTree = "<group>"; };
		2B273C4B25AE24E5001AC7C5 /* TasksDoneView.swift */ = {isa = PBXFileReference; lastKnownFileType = sourcecode.swift; path = TasksDoneView.swift; sourceTree = "<group>"; };
		2B8C30AE2652D20A00C2CC0F /* 01-2.png */ = {isa = PBXFileReference; lastKnownFileType = image.png; path = "01-2.png"; sourceTree = "<group>"; };
		2B8C30B12652D24D00C2CC0F /* 01.png */ = {isa = PBXFileReference; lastKnownFileType = image.png; path = 01.png; sourceTree = "<group>"; };
		2B8C30B32652D27600C2CC0F /* 02.gif */ = {isa = PBXFileReference; lastKnownFileType = image.gif; path = 02.gif; sourceTree = "<group>"; };
/* End PBXFileReference section */

/* Begin PBXFrameworksBuildPhase section */
		2B273C2B25AD4BE0001AC7C5 /* Frameworks */ = {
			isa = PBXFrameworksBuildPhase;
			buildActionMask = 2147483647;
			files = (
			);
			runOnlyForDeploymentPostprocessing = 0;
		};
/* End PBXFrameworksBuildPhase section */

/* Begin PBXGroup section */
		2B273C2525AD4BE0001AC7C5 = {
			isa = PBXGroup;
			children = (
				2B8C30B02652D20F00C2CC0F /* Screenshot */,
				2B273C3025AD4BE0001AC7C5 /* MagicToDo */,
				2B273C2F25AD4BE0001AC7C5 /* Products */,
			);
			sourceTree = "<group>";
		};
		2B273C2F25AD4BE0001AC7C5 /* Products */ = {
			isa = PBXGroup;
			children = (
				2B273C2E25AD4BE0001AC7C5 /* MagicToDo.app */,
			);
			name = Products;
			sourceTree = "<group>";
		};
		2B273C3025AD4BE0001AC7C5 /* MagicToDo */ = {
			isa = PBXGroup;
			children = (
				2B273C4B25AE24E5001AC7C5 /* TasksDoneView.swift */,
				2B273C4625AD4E65001AC7C5 /* TasksView.swift */,
				2B273C3125AD4BE0001AC7C5 /* MagicToDoApp.swift */,
				2B273C3525AD4BE2001AC7C5 /* Assets.xcassets */,
				2B273C3A25AD4BE2001AC7C5 /* Persistence.swift */,
				2B273C3F25AD4BE2001AC7C5 /* Info.plist */,
				2B273C3C25AD4BE2001AC7C5 /* MagicToDo.xcdatamodeld */,
				2B273C3725AD4BE2001AC7C5 /* Preview Content */,
			);
			path = MagicToDo;
			sourceTree = "<group>";
		};
		2B273C3725AD4BE2001AC7C5 /* Preview Content */ = {
			isa = PBXGroup;
			children = (
				2B273C3825AD4BE2001AC7C5 /* Preview Assets.xcassets */,
			);
			path = "Preview Content";
			sourceTree = "<group>";
		};
		2B8C30B02652D20F00C2CC0F /* Screenshot */ = {
			isa = PBXGroup;
			children = (
				2B8C30B32652D27600C2CC0F /* 02.gif */,
				2B8C30B12652D24D00C2CC0F /* 01.png */,
				2B8C30AE2652D20A00C2CC0F /* 01-2.png */,
			);
			path = Screenshot;
			sourceTree = "<group>";
		};
/* End PBXGroup section */

/* Begin PBXNativeTarget section */
		2B273C2D25AD4BE0001AC7C5 /* MagicToDo */ = {
			isa = PBXNativeTarget;
			buildConfigurationList = 2B273C4225AD4BE2001AC7C5 /* Build configuration list for PBXNativeTarget "MagicToDo" */;
			buildPhases = (
				2B273C2A25AD4BE0001AC7C5 /* Sources */,
				2B273C2B25AD4BE0001AC7C5 /* Frameworks */,
				2B273C2C25AD4BE0001AC7C5 /* Resources */,
			);
			buildRules = (
			);
			dependencies = (
			);
			name = MagicToDo;
			productName = MagicToDo;
			productReference = 2B273C2E25AD4BE0001AC7C5 /* MagicToDo.app */;
			productType = "com.apple.product-type.application";
		};
/* End PBXNativeTarget section */

/* Begin PBXProject section */
		2B273C2625AD4BE0001AC7C5 /* Project object */ = {
			isa = PBXProject;
			attributes = {
				LastSwiftUpdateCheck = 1220;
				LastUpgradeCheck = 1220;
				TargetAttributes = {
					2B273C2D25AD4BE0001AC7C5 = {
						CreatedOnToolsVersion = 12.2;
					};
				};
			};
			buildConfigurationList = 2B273C2925AD4BE0001AC7C5 /* Build configuration list for PBXProject "MagicToDo" */;
			compatibilityVersion = "Xcode 9.3";
			developmentRegion = en;
			hasScannedForEncodings = 0;
			knownRegions = (
				en,
				Base,
			);
			mainGroup = 2B273C2525AD4BE0001AC7C5;
			productRefGroup = 2B273C2F25AD4BE0001AC7C5 /* Products */;
			projectDirPath = "";
			projectRoot = "";
			targets = (
				2B273C2D25AD4BE0001AC7C5 /* MagicToDo */,
			);
		};
/* End PBXProject section */

/* Begin PBXResourcesBuildPhase section */
		2B273C2C25AD4BE0001AC7C5 /* Resources */ = {
			isa = PBXResourcesBuildPhase;
			buildActionMask = 2147483647;
			files = (
				2B8C30B22652D24D00C2CC0F /* 01.png in Resources */,
				2B273C3925AD4BE2001AC7C5 /* Preview Assets.xcassets in Resources */,
				2B8C30AF2652D20A00C2CC0F /* 01-2.png in Resources */,
				2B273C3625AD4BE2001AC7C5 /* Assets.xcassets in Resources */,
				2B8C30B42652D27600C2CC0F /* 02.gif in Resources */,
			);
			runOnlyForDeploymentPostprocessing = 0;
		};
/* End PBXResourcesBuildPhase section */

/* Begin PBXSourcesBuildPhase section */
		2B273C2A25AD4BE0001AC7C5 /* Sources */ = {
			isa = PBXSourcesBuildPhase;
			buildActionMask = 2147483647;
			files = (
				2B273C3B25AD4BE2001AC7C5 /* Persistence.swift in Sources */,
				2B273C3E25AD4BE2001AC7C5 /* MagicToDo.xcdatamodeld in Sources */,
				2B273C4C25AE24E5001AC7C5 /* TasksDoneView.swift in Sources */,
				2B273C3225AD4BE0001AC7C5 /* MagicToDoApp.swift in Sources */,
				2B273C4725AD4E65001AC7C5 /* TasksView.swift in Sources */,
			);
			runOnlyForDeploymentPostprocessing = 0;
		};
/* End PBXSourcesBuildPhase section */

/* Begin XCBuildConfiguration section */
		2B273C4025AD4BE2001AC7C5 /* Debug */ = {
			isa = XCBuildConfiguration;
			buildSettings = {
				ALWAYS_SEARCH_USER_PATHS = NO;
				CLANG_ANALYZER_NONNULL = YES;
				CLANG_ANALYZER_NUMBER_OBJECT_CONVERSION = YES_AGGRESSIVE;
				CLANG_CXX_LANGUAGE_STANDARD = "gnu++14";
				CLANG_CXX_LIBRARY = "libc++";
				CLANG_ENABLE_MODULES = YES;
				CLANG_ENABLE_OBJC_ARC = YES;
				CLANG_ENABLE_OBJC_WEAK = YES;
				CLANG_WARN_BLOCK_CAPTURE_AUTORELEASING = YES;
				CLANG_WARN_BOOL_CONVERSION = YES;
				CLANG_WARN_COMMA = YES;
				CLANG_WARN_CONSTANT_CONVERSION = YES;
				CLANG_WARN_DEPRECATED_OBJC_IMPLEMENTATIONS = YES;
				CLANG_WARN_DIRECT_OBJC_ISA_USAGE = YES_ERROR;
				CLANG_WARN_DOCUMENTATION_COMMENTS = YES;
				CLANG_WARN_EMPTY_BODY = YES;
				CLANG_WARN_ENUM_CONVERSION = YES;
				CLANG_WARN_INFINITE_RECURSION = YES;
				CLANG_WARN_INT_CONVERSION = YES;
				CLANG_WARN_NON_LITERAL_NULL_CONVERSION = YES;
				CLANG_WARN_OBJC_IMPLICIT_RETAIN_SELF = YES;
				CLANG_WARN_OBJC_LITERAL_CONVERSION = YES;
				CLANG_WARN_OBJC_ROOT_CLASS = YES_ERROR;
				CLANG_WARN_QUOTED_INCLUDE_IN_FRAMEWORK_HEADER = YES;
				CLANG_WARN_RANGE_LOOP_ANALYSIS = YES;
				CLANG_WARN_STRICT_PROTOTYPES = YES;
				CLANG_WARN_SUSPICIOUS_MOVE = YES;
				CLANG_WARN_UNGUARDED_AVAILABILITY = YES_AGGRESSIVE;
				CLANG_WARN_UNREACHABLE_CODE = YES;
				CLANG_WARN__DUPLICATE_METHOD_MATCH = YES;
				COPY_PHASE_STRIP = NO;
				DEBUG_INFORMATION_FORMAT = dwarf;
				ENABLE_STRICT_OBJC_MSGSEND = YES;
				ENABLE_TESTABILITY = YES;
				GCC_C_LANGUAGE_STANDARD = gnu11;
				GCC_DYNAMIC_NO_PIC = NO;
				GCC_NO_COMMON_BLOCKS = YES;
				GCC_OPTIMIZATION_LEVEL = 0;
				GCC_PREPROCESSOR_DEFINITIONS = (
					"DEBUG=1",
					"$(inherited)",
				);
				GCC_WARN_64_TO_32_BIT_CONVERSION = YES;
				GCC_WARN_ABOUT_RETURN_TYPE = YES_ERROR;
				GCC_WARN_UNDECLARED_SELECTOR = YES;
				GCC_WARN_UNINITIALIZED_AUTOS = YES_AGGRESSIVE;
				GCC_WARN_UNUSED_FUNCTION = YES;
				GCC_WARN_UNUSED_VARIABLE = YES;
				IPHONEOS_DEPLOYMENT_TARGET = 14.2;
				MTL_ENABLE_DEBUG_INFO = INCLUDE_SOURCE;
				MTL_FAST_MATH = YES;
				ONLY_ACTIVE_ARCH = YES;
				SDKROOT = iphoneos;
				SWIFT_ACTIVE_COMPILATION_CONDITIONS = DEBUG;
				SWIFT_OPTIMIZATION_LEVEL = "-Onone";
			};
			name = Debug;
		};
		2B273C4125AD4BE2001AC7C5 /* Release */ = {
			isa = XCBuildConfiguration;
			buildSettings = {
				ALWAYS_SEARCH_USER_PATHS = NO;
				CLANG_ANALYZER_NONNULL = YES;
				CLANG_ANALYZER_NUMBER_OBJECT_CONVERSION = YES_AGGRESSIVE;
				CLANG_CXX_LANGUAGE_STANDARD = "gnu++14";
				CLANG_CXX_LIBRARY = "libc++";
				CLANG_ENABLE_MODULES = YES;
				CLANG_ENABLE_OBJC_ARC = YES;
				CLANG_ENABLE_OBJC_WEAK = YES;
				CLANG_WARN_BLOCK_CAPTURE_AUTORELEASING = YES;
				CLANG_WARN_BOOL_CONVERSION = YES;
				CLANG_WARN_COMMA = YES;
				CLANG_WARN_CONSTANT_CONVERSION = YES;
				CLANG_WARN_DEPRECATED_OBJC_IMPLEMENTATIONS = YES;
				CLANG_WARN_DIRECT_OBJC_ISA_USAGE = YES_ERROR;
				CLANG_WARN_DOCUMENTATION_COMMENTS = YES;
				CLANG_WARN_EMPTY_BODY = YES;
				CLANG_WARN_ENUM_CONVERSION = YES;
				CLANG_WARN_INFINITE_RECURSION = YES;
				CLANG_WARN_INT_CONVERSION = YES;
				CLANG_WARN_NON_LITERAL_NULL_CONVERSION = YES;
				CLANG_WARN_OBJC_IMPLICIT_RETAIN_SELF = YES;
				CLANG_WARN_OBJC_LITERAL_CONVERSION = YES;
				CLANG_WARN_OBJC_ROOT_CLASS = YES_ERROR;
				CLANG_WARN_QUOTED_INCLUDE_IN_FRAMEWORK_HEADER = YES;
				CLANG_WARN_RANGE_LOOP_ANALYSIS = YES;
				CLANG_WARN_STRICT_PROTOTYPES = YES;
				CLANG_WARN_SUSPICIOUS_MOVE = YES;
				CLANG_WARN_UNGUARDED_AVAILABILITY = YES_AGGRESSIVE;
				CLANG_WARN_UNREACHABLE_CODE = YES;
				CLANG_WARN__DUPLICATE_METHOD_MATCH = YES;
				COPY_PHASE_STRIP = NO;
				DEBUG_INFORMATION_FORMAT = "dwarf-with-dsym";
				ENABLE_NS_ASSERTIONS = NO;
				ENABLE_STRICT_OBJC_MSGSEND = YES;
				GCC_C_LANGUAGE_STANDARD = gnu11;
				GCC_NO_COMMON_BLOCKS = YES;
				GCC_WARN_64_TO_32_BIT_CONVERSION = YES;
				GCC_WARN_ABOUT_RETURN_TYPE = YES_ERROR;
				GCC_WARN_UNDECLARED_SELECTOR = YES;
				GCC_WARN_UNINITIALIZED_AUTOS = YES_AGGRESSIVE;
				GCC_WARN_UNUSED_FUNCTION = YES;
				GCC_WARN_UNUSED_VARIABLE = YES;
				IPHONEOS_DEPLOYMENT_TARGET = 14.2;
				MTL_ENABLE_DEBUG_INFO = NO;
				MTL_FAST_MATH = YES;
				SDKROOT = iphoneos;
				SWIFT_COMPILATION_MODE = wholemodule;
				SWIFT_OPTIMIZATION_LEVEL = "-O";
				VALIDATE_PRODUCT = YES;
			};
			name = Release;
		};
		2B273C4325AD4BE2001AC7C5 /* Debug */ = {
			isa = XCBuildConfiguration;
			buildSettings = {
				ASSETCATALOG_COMPILER_APPICON_NAME = AppIcon;
				ASSETCATALOG_COMPILER_GLOBAL_ACCENT_COLOR_NAME = AccentColor;
				CODE_SIGN_STYLE = Automatic;
				DEVELOPMENT_ASSET_PATHS = "\"MagicToDo/Preview Content\"";
				DEVELOPMENT_TEAM = 9S84Q43P56;
				ENABLE_PREVIEWS = YES;
				INFOPLIST_FILE = MagicToDo/Info.plist;
				IPHONEOS_DEPLOYMENT_TARGET = 14.0;
				LD_RUNPATH_SEARCH_PATHS = (
					"$(inherited)",
					"@executable_path/Frameworks",
				);
				PRODUCT_BUNDLE_IDENTIFIER = com.HCtsai.MagicToDo;
				PRODUCT_NAME = "$(TARGET_NAME)";
				SWIFT_VERSION = 5.0;
				TARGETED_DEVICE_FAMILY = "1,2";
			};
			name = Debug;
		};
		2B273C4425AD4BE2001AC7C5 /* Release */ = {
			isa = XCBuildConfiguration;
			buildSettings = {
				ASSETCATALOG_COMPILER_APPICON_NAME = AppIcon;
				ASSETCATALOG_COMPILER_GLOBAL_ACCENT_COLOR_NAME = AccentColor;
				CODE_SIGN_STYLE = Automatic;
				DEVELOPMENT_ASSET_PATHS = "\"MagicToDo/Preview Content\"";
				DEVELOPMENT_TEAM = 9S84Q43P56;
				ENABLE_PREVIEWS = YES;
				INFOPLIST_FILE = MagicToDo/Info.plist;
				IPHONEOS_DEPLOYMENT_TARGET = 14.0;
				LD_RUNPATH_SEARCH_PATHS = (
					"$(inherited)",
					"@executable_path/Frameworks",
				);
				PRODUCT_BUNDLE_IDENTIFIER = com.HCtsai.MagicToDo;
				PRODUCT_NAME = "$(TARGET_NAME)";
				SWIFT_VERSION = 5.0;
				TARGETED_DEVICE_FAMILY = "1,2";
			};
			name = Release;
		};
/* End XCBuildConfiguration section */

/* Begin XCConfigurationList section */
		2B273C2925AD4BE0001AC7C5 /* Build configuration list for PBXProject "MagicToDo" */ = {
			isa = XCConfigurationList;
			buildConfigurations = (
				2B273C4025AD4BE2001AC7C5 /* Debug */,
				2B273C4125AD4BE2001AC7C5 /* Release */,
			);
			defaultConfigurationIsVisible = 0;
			defaultConfigurationName = Release;
		};
		2B273C4225AD4BE2001AC7C5 /* Build configuration list for PBXNativeTarget "MagicToDo" */ = {
			isa = XCConfigurationList;
			buildConfigurations = (
				2B273C4325AD4BE2001AC7C5 /* Debug */,
				2B273C4425AD4BE2001AC7C5 /* Release */,
			);
			defaultConfigurationIsVisible = 0;
			defaultConfigurationName = Release;
		};
/* End XCConfigurationList section */

/* Begin XCVersionGroup section */
		2B273C3C25AD4BE2001AC7C5 /* MagicToDo.xcdatamodeld */ = {
			isa = XCVersionGroup;
			children = (
				2B273C3D25AD4BE2001AC7C5 /* MagicToDo.xcdatamodel */,
			);
			currentVersion = 2B273C3D25AD4BE2001AC7C5 /* MagicToDo.xcdatamodel */;
			path = MagicToDo.xcdatamodeld;
			sourceTree = "<group>";
			versionGroupType = wrapper.xcdatamodel;
		};
/* End XCVersionGroup section */
	};
	rootObject = 2B273C2625AD4BE0001AC7C5 /* Project object */;
}
